
Microsoft Visual Studio Solution File, Format Version 12.00
# Visual Studio Version 17
VisualStudioVersion = 17.9.34723.18
MinimumVisualStudioVersion = 10.0.40219.1
Project("{9A19103F-16F7-4668-BE54-9A1E7A4F7556}") = "shapes-hw", "shapes-hw\shapes-hw.csproj", "{55A735C1-32EF-4F90-A5CC-1DAA5E276ED0}"
EndProject
Project("{9A19103F-16F7-4668-BE54-9A1E7A4F7556}") = "calculator-hw", "calculator-hw\calculator-hw.csproj", "{798A8B2A-552A-4C89-AF9F-2D64033AD51B}"
EndProject
Project("{9A19103F-16F7-4668-BE54-9A1E7A4F7556}") = "IOProvider", "IOProvider\IOProvider.csproj", "{942D2897-5EEC-44C2-B390-BC1EB8DCC27F}"
EndProject
Global
	GlobalSection(SolutionConfigurationPlatforms) = preSolution
		Debug|Any CPU = Debug|Any CPU
		Release|Any CPU = Release|Any CPU
	EndGlobalSection
	GlobalSection(ProjectConfigurationPlatforms) = postSolution
		{55A735C1-32EF-4F90-A5CC-1DAA5E276ED0}.Debug|Any CPU.ActiveCfg = Debug|Any CPU
		{55A735C1-32EF-4F90-A5CC-1DAA5E276ED0}.Debug|Any CPU.Build.0 = Debug|Any CPU
		{55A735C1-32EF-4F90-A5CC-1DAA5E276ED0}.Release|Any CPU.ActiveCfg = Release|Any CPU
		{55A735C1-32EF-4F90-A5CC-1DAA5E276ED0}.Release|Any CPU.Build.0 = Release|Any CPU
		{798A8B2A-552A-4C89-AF9F-2D64033AD51B}.Debug|Any CPU.ActiveCfg = Debug|Any CPU
		{798A8B2A-552A-4C89-AF9F-2D64033AD51B}.Debug|Any CPU.Build.0 = Debug|Any CPU
		{798A8B2A-552A-4C89-AF9F-2D64033AD51B}.Release|Any CPU.ActiveCfg = Release|Any CPU
		{798A8B2A-552A-4C89-AF9F-2D64033AD51B}.Release|Any CPU.Build.0 = Release|Any CPU
		{942D2897-5EEC-44C2-B390-BC1EB8DCC27F}.Debug|Any CPU.ActiveCfg = Debug|Any CPU
		{942D2897-5EEC-44C2-B390-BC1EB8DCC27F}.Debug|Any CPU.Build.0 = Debug|Any CPU
		{942D2897-5EEC-44C2-B390-BC1EB8DCC27F}.Release|Any CPU.ActiveCfg = Release|Any CPU
		{942D2897-5EEC-44C2-B390-BC1EB8DCC27F}.Release|Any CPU.Build.0 = Release|Any CPU
	EndGlobalSection
	GlobalSection(SolutionProperties) = preSolution
		HideSolutionNode = FALSE
	EndGlobalSection
	GlobalSection(ExtensibilityGlobals) = postSolution
		SolutionGuid = {DD489BD3-ED42-47BA-9EC9-9C52CD01E59E}
	EndGlobalSection
EndGlobal
