
Microsoft Visual Studio Solution File, Format Version 12.00
# Visual Studio Version 17
VisualStudioVersion = 17.9.34723.18
MinimumVisualStudioVersion = 10.0.40219.1
Project("{9A19103F-16F7-4668-BE54-9A1E7A4F7556}") = "shapes-hw", "shapes-hw.csproj", "{88FE475C-F5A9-43DB-AAE4-6064C4C9FCE3}"
EndProject
Project("{FAE04EC0-301F-11D3-BF4B-00C04F79EFBC}") = "calculator-hw", "..\calculator-hw\calculator-hw.csproj", "{20578FAB-9F16-471A-BACD-8A706104684F}"
EndProject
Global
	GlobalSection(SolutionConfigurationPlatforms) = preSolution
		Debug|Any CPU = Debug|Any CPU
		Release|Any CPU = Release|Any CPU
	EndGlobalSection
	GlobalSection(ProjectConfigurationPlatforms) = postSolution
		{88FE475C-F5A9-43DB-AAE4-6064C4C9FCE3}.Debug|Any CPU.ActiveCfg = Debug|Any CPU
		{88FE475C-F5A9-43DB-AAE4-6064C4C9FCE3}.Debug|Any CPU.Build.0 = Debug|Any CPU
		{88FE475C-F5A9-43DB-AAE4-6064C4C9FCE3}.Release|Any CPU.ActiveCfg = Release|Any CPU
		{88FE475C-F5A9-43DB-AAE4-6064C4C9FCE3}.Release|Any CPU.Build.0 = Release|Any CPU
		{20578FAB-9F16-471A-BACD-8A706104684F}.Debug|Any CPU.ActiveCfg = Debug|Any CPU
		{20578FAB-9F16-471A-BACD-8A706104684F}.Debug|Any CPU.Build.0 = Debug|Any CPU
		{20578FAB-9F16-471A-BACD-8A706104684F}.Release|Any CPU.ActiveCfg = Release|Any CPU
		{20578FAB-9F16-471A-BACD-8A706104684F}.Release|Any CPU.Build.0 = Release|Any CPU
	EndGlobalSection
	GlobalSection(SolutionProperties) = preSolution
		HideSolutionNode = FALSE
	EndGlobalSection
	GlobalSection(ExtensibilityGlobals) = postSolution
		SolutionGuid = {DD489BD3-ED42-47BA-9EC9-9C52CD01E59E}
	EndGlobalSection
EndGlobal
